# THIS IS AN AUTOGENERATED FILE. DO NOT EDIT THIS FILE DIRECTLY.
# yarn lockfile v1


"@google/generative-ai@^0.19.0":
  version "0.19.0"
  resolved "https://registry.yarnpkg.com/@google/generative-ai/-/generative-ai-0.19.0.tgz#02cb718e596d390e5356dfb71ab8316acca72a41"
  integrity sha512-iGf/62v3sTwtEJGJY6S5m7PfkglU8hi1URaxqIjiRg1OItV27xyc4aVeR0og8cDkZFkUlGZKv+23bJtT1QWFzQ==

dotenv@^16.4.5:
  version "16.4.5"
  resolved "https://registry.yarnpkg.com/dotenv/-/dotenv-16.4.5.tgz#cdd3b3b604cb327e286b4762e13502f717cb099f"
  integrity sha512-ZmdL2rui+eB2YwhsWzjInR8LldtZHGDoQ1ugH85ppHKwpUHL7j7rN0Ti9NCnGiQbhaZ11FpR+7ao1dNsmduNUg==
